
Microsoft Visual Studio Solution File, Format Version 12.00
# Visual Studio Version 16
VisualStudioVersion = 16.0.31605.320
MinimumVisualStudioVersion = 10.0.40219.1
Project("{FAE04EC0-301F-11D3-BF4B-00C04F79EFBC}") = "Authn", "Authn\Authn.csproj", "{E4FB6D90-3640-48D1-8998-C66E3643ADB3}"
EndProject
Global
	GlobalSection(SolutionConfigurationPlatforms) = preSolution
		Debug|Any CPU = Debug|Any CPU
		Release|Any CPU = Release|Any CPU
	EndGlobalSection
	GlobalSection(ProjectConfigurationPlatforms) = postSolution
		{E4FB6D90-3640-48D1-8998-C66E3643ADB3}.Debug|Any CPU.ActiveCfg = Debug|Any CPU
		{E4FB6D90-3640-48D1-8998-C66E3643ADB3}.Debug|Any CPU.Build.0 = Debug|Any CPU
		{E4FB6D90-3640-48D1-8998-C66E3643ADB3}.Release|Any CPU.ActiveCfg = Release|Any CPU
		{E4FB6D90-3640-48D1-8998-C66E3643ADB3}.Release|Any CPU.Build.0 = Release|Any CPU
	EndGlobalSection
	GlobalSection(SolutionProperties) = preSolution
		HideSolutionNode = FALSE
	EndGlobalSection
	GlobalSection(ExtensibilityGlobals) = postSolution
		SolutionGuid = {3CC84233-D593-47E5-B8BE-1F3CEEA700E0}
	EndGlobalSection
EndGlobal
